
Microsoft Visual Studio Solution File, Format Version 12.00
# Visual Studio Version 17
VisualStudioVersion = 17.0.32112.339
MinimumVisualStudioVersion = 10.0.40219.1
Project("{9A19103F-16F7-4668-BE54-9A1E7A4F7556}") = "SQLServer2SQLite.Cli", "SQLServer2SQLite.Cli\SQLServer2SQLite.Cli.csproj", "{10016ED7-AC47-4405-9A4C-3F415ED052AA}"
EndProject
Project("{9A19103F-16F7-4668-BE54-9A1E7A4F7556}") = "SQLServer2SQLite.Core", "SQLServer2SQLite.Core\SQLServer2SQLite.Core.csproj", "{1C1B2A2C-CE0C-4DD8-8EDF-7C58A3660EB3}"
EndProject
Project("{FAE04EC0-301F-11D3-BF4B-00C04F79EFBC}") = "SQLServer2SQLite.Tests", "SQLServer2SQLite.Tests\SQLServer2SQLite.Tests.csproj", "{0C89AE7D-6C1E-4D00-9C53-C49B8EAF1DB0}"
EndProject
Global
	GlobalSection(SolutionConfigurationPlatforms) = preSolution
		Debug|Any CPU = Debug|Any CPU
		Debug|x86 = Debug|x86
		Release|Any CPU = Release|Any CPU
		Release|x86 = Release|x86
	EndGlobalSection
	GlobalSection(ProjectConfigurationPlatforms) = postSolution
		{10016ED7-AC47-4405-9A4C-3F415ED052AA}.Debug|Any CPU.ActiveCfg = Debug|Any CPU
		{10016ED7-AC47-4405-9A4C-3F415ED052AA}.Debug|Any CPU.Build.0 = Debug|Any CPU
		{10016ED7-AC47-4405-9A4C-3F415ED052AA}.Debug|x86.ActiveCfg = Debug|Any CPU
		{10016ED7-AC47-4405-9A4C-3F415ED052AA}.Debug|x86.Build.0 = Debug|Any CPU
		{10016ED7-AC47-4405-9A4C-3F415ED052AA}.Release|Any CPU.ActiveCfg = Release|Any CPU
		{10016ED7-AC47-4405-9A4C-3F415ED052AA}.Release|Any CPU.Build.0 = Release|Any CPU
		{10016ED7-AC47-4405-9A4C-3F415ED052AA}.Release|x86.ActiveCfg = Release|Any CPU
		{10016ED7-AC47-4405-9A4C-3F415ED052AA}.Release|x86.Build.0 = Release|Any CPU
		{1C1B2A2C-CE0C-4DD8-8EDF-7C58A3660EB3}.Debug|Any CPU.ActiveCfg = Debug|Any CPU
		{1C1B2A2C-CE0C-4DD8-8EDF-7C58A3660EB3}.Debug|Any CPU.Build.0 = Debug|Any CPU
		{1C1B2A2C-CE0C-4DD8-8EDF-7C58A3660EB3}.Debug|x86.ActiveCfg = Debug|Any CPU
		{1C1B2A2C-CE0C-4DD8-8EDF-7C58A3660EB3}.Debug|x86.Build.0 = Debug|Any CPU
		{1C1B2A2C-CE0C-4DD8-8EDF-7C58A3660EB3}.Release|Any CPU.ActiveCfg = Release|Any CPU
		{1C1B2A2C-CE0C-4DD8-8EDF-7C58A3660EB3}.Release|Any CPU.Build.0 = Release|Any CPU
		{1C1B2A2C-CE0C-4DD8-8EDF-7C58A3660EB3}.Release|x86.ActiveCfg = Release|Any CPU
		{1C1B2A2C-CE0C-4DD8-8EDF-7C58A3660EB3}.Release|x86.Build.0 = Release|Any CPU
		{0C89AE7D-6C1E-4D00-9C53-C49B8EAF1DB0}.Debug|Any CPU.ActiveCfg = Debug|Any CPU
		{0C89AE7D-6C1E-4D00-9C53-C49B8EAF1DB0}.Debug|Any CPU.Build.0 = Debug|Any CPU
		{0C89AE7D-6C1E-4D00-9C53-C49B8EAF1DB0}.Debug|x86.ActiveCfg = Debug|Any CPU
		{0C89AE7D-6C1E-4D00-9C53-C49B8EAF1DB0}.Debug|x86.Build.0 = Debug|Any CPU
		{0C89AE7D-6C1E-4D00-9C53-C49B8EAF1DB0}.Release|Any CPU.ActiveCfg = Release|Any CPU
		{0C89AE7D-6C1E-4D00-9C53-C49B8EAF1DB0}.Release|Any CPU.Build.0 = Release|Any CPU
		{0C89AE7D-6C1E-4D00-9C53-C49B8EAF1DB0}.Release|x86.ActiveCfg = Release|Any CPU
		{0C89AE7D-6C1E-4D00-9C53-C49B8EAF1DB0}.Release|x86.Build.0 = Release|Any CPU
	EndGlobalSection
	GlobalSection(SolutionProperties) = preSolution
		HideSolutionNode = FALSE
	EndGlobalSection
	GlobalSection(ExtensibilityGlobals) = postSolution
		SolutionGuid = {4C7E1445-BE59-4F2E-9C0D-77711C8B1912}
	EndGlobalSection
EndGlobal
